
Microsoft Visual Studio Solution File, Format Version 12.00
# Visual Studio Version 16
VisualStudioVersion = 16.0.30011.22
MinimumVisualStudioVersion = 10.0.40219.1
Project("{FAE04EC0-301F-11D3-BF4B-00C04F79EFBC}") = "CalorieApp", "CalorieApp.csproj", "{DB0BC29B-850A-4527-94AE-3417BBEE5986}"
EndProject
Global
	GlobalSection(SolutionConfigurationPlatforms) = preSolution
		Debug|Any CPU = Debug|Any CPU
		Release|Any CPU = Release|Any CPU
	EndGlobalSection
	GlobalSection(ProjectConfigurationPlatforms) = postSolution
		{DB0BC29B-850A-4527-94AE-3417BBEE5986}.Debug|Any CPU.ActiveCfg = Debug|Any CPU
		{DB0BC29B-850A-4527-94AE-3417BBEE5986}.Debug|Any CPU.Build.0 = Debug|Any CPU
		{DB0BC29B-850A-4527-94AE-3417BBEE5986}.Release|Any CPU.ActiveCfg = Release|Any CPU
		{DB0BC29B-850A-4527-94AE-3417BBEE5986}.Release|Any CPU.Build.0 = Release|Any CPU
	EndGlobalSection
	GlobalSection(SolutionProperties) = preSolution
		HideSolutionNode = FALSE
	EndGlobalSection
	GlobalSection(ExtensibilityGlobals) = postSolution
		SolutionGuid = {2B46AB9B-6E2F-4C58-BCC7-AD964382FFB2}
	EndGlobalSection
EndGlobal
